
Microsoft Visual Studio Solution File, Format Version 12.00
# Visual Studio Version 17
VisualStudioVersion = 17.4.33213.308
MinimumVisualStudioVersion = 10.0.40219.1
Project("{FAE04EC0-301F-11D3-BF4B-00C04F79EFBC}") = "carnetutelvt", "carnetutelvt.csproj", "{D8BA43AF-FFD6-488B-97E0-D959285C142C}"
EndProject
Global
	GlobalSection(SolutionConfigurationPlatforms) = preSolution
		Debug|Any CPU = Debug|Any CPU
		Release|Any CPU = Release|Any CPU
	EndGlobalSection
	GlobalSection(ProjectConfigurationPlatforms) = postSolution
		{D8BA43AF-FFD6-488B-97E0-D959285C142C}.Debug|Any CPU.ActiveCfg = Debug|Any CPU
		{D8BA43AF-FFD6-488B-97E0-D959285C142C}.Debug|Any CPU.Build.0 = Debug|Any CPU
		{D8BA43AF-FFD6-488B-97E0-D959285C142C}.Release|Any CPU.ActiveCfg = Release|Any CPU
		{D8BA43AF-FFD6-488B-97E0-D959285C142C}.Release|Any CPU.Build.0 = Release|Any CPU
	EndGlobalSection
	GlobalSection(SolutionProperties) = preSolution
		HideSolutionNode = FALSE
	EndGlobalSection
	GlobalSection(ExtensibilityGlobals) = postSolution
		SolutionGuid = {EBF63830-FA32-42F5-840A-FC94F0271BDB}
	EndGlobalSection
EndGlobal
